
Microsoft Visual Studio Solution File, Format Version 12.00
# Visual Studio Version 17
VisualStudioVersion = 17.8.34511.84
MinimumVisualStudioVersion = 10.0.40219.1
Project("{9A19103F-16F7-4668-BE54-9A1E7A4F7556}") = "CodingCleanProject", "CodingCleanProject\CodingCleanProject.csproj", "{F4B06244-140A-4D39-9B5E-25EFA6CFD5CA}"
EndProject
Project("{9A19103F-16F7-4668-BE54-9A1E7A4F7556}") = "Client", "Client\Client.csproj", "{D4077A56-57E7-4F7C-B0CA-0E0CA7DEBEB1}"
EndProject
Project("{2150E333-8FDC-42A3-9474-1A3956D46DE8}") = "Test", "Test", "{24D514D1-93AD-4097-8A8C-62E061FFDC3E}"
EndProject
Project("{9A19103F-16F7-4668-BE54-9A1E7A4F7556}") = "WebApp.Tests", "WebApp.Tests\WebApp.Tests.csproj", "{848939C4-1645-4940-A42D-DA7C84061A7D}"
EndProject
Global
	GlobalSection(SolutionConfigurationPlatforms) = preSolution
		Debug|Any CPU = Debug|Any CPU
		Release|Any CPU = Release|Any CPU
	EndGlobalSection
	GlobalSection(ProjectConfigurationPlatforms) = postSolution
		{F4B06244-140A-4D39-9B5E-25EFA6CFD5CA}.Debug|Any CPU.ActiveCfg = Debug|Any CPU
		{F4B06244-140A-4D39-9B5E-25EFA6CFD5CA}.Debug|Any CPU.Build.0 = Debug|Any CPU
		{F4B06244-140A-4D39-9B5E-25EFA6CFD5CA}.Release|Any CPU.ActiveCfg = Release|Any CPU
		{F4B06244-140A-4D39-9B5E-25EFA6CFD5CA}.Release|Any CPU.Build.0 = Release|Any CPU
		{D4077A56-57E7-4F7C-B0CA-0E0CA7DEBEB1}.Debug|Any CPU.ActiveCfg = Debug|Any CPU
		{D4077A56-57E7-4F7C-B0CA-0E0CA7DEBEB1}.Debug|Any CPU.Build.0 = Debug|Any CPU
		{D4077A56-57E7-4F7C-B0CA-0E0CA7DEBEB1}.Release|Any CPU.ActiveCfg = Release|Any CPU
		{D4077A56-57E7-4F7C-B0CA-0E0CA7DEBEB1}.Release|Any CPU.Build.0 = Release|Any CPU
		{848939C4-1645-4940-A42D-DA7C84061A7D}.Debug|Any CPU.ActiveCfg = Debug|Any CPU
		{848939C4-1645-4940-A42D-DA7C84061A7D}.Debug|Any CPU.Build.0 = Debug|Any CPU
		{848939C4-1645-4940-A42D-DA7C84061A7D}.Release|Any CPU.ActiveCfg = Release|Any CPU
		{848939C4-1645-4940-A42D-DA7C84061A7D}.Release|Any CPU.Build.0 = Release|Any CPU
	EndGlobalSection
	GlobalSection(SolutionProperties) = preSolution
		HideSolutionNode = FALSE
	EndGlobalSection
	GlobalSection(NestedProjects) = preSolution
		{848939C4-1645-4940-A42D-DA7C84061A7D} = {24D514D1-93AD-4097-8A8C-62E061FFDC3E}
	EndGlobalSection
	GlobalSection(ExtensibilityGlobals) = postSolution
		SolutionGuid = {31E0C2A9-FB5E-4BCE-B437-A16719C24000}
	EndGlobalSection
EndGlobal
