
Microsoft Visual Studio Solution File, Format Version 12.00
# Visual Studio Version 17
VisualStudioVersion = 17.8.34511.84
MinimumVisualStudioVersion = 10.0.40219.1
Project("{9A19103F-16F7-4668-BE54-9A1E7A4F7556}") = "CodingCleanProject", "CodingCleanProject\CodingCleanProject.csproj", "{F4B06244-140A-4D39-9B5E-25EFA6CFD5CA}"
EndProject
Project("{9A19103F-16F7-4668-BE54-9A1E7A4F7556}") = "Client", "Client\Client.csproj", "{D4077A56-57E7-4F7C-B0CA-0E0CA7DEBEB1}"
EndProject
Project("{FAE04EC0-301F-11D3-BF4B-00C04F79EFBC}") = "LoggerService", "LoggerService\LoggerService.csproj", "{5B0C418D-1704-48A1-8F7C-C3515A27A6C7}"
EndProject
Project("{FAE04EC0-301F-11D3-BF4B-00C04F79EFBC}") = "Shared", "Shared\Shared.csproj", "{B7B972BB-46D9-413D-B904-573B479E5091}"
EndProject
Project("{FAE04EC0-301F-11D3-BF4B-00C04F79EFBC}") = "Domain", "Domain\Domain.csproj", "{C0E1D000-3301-4980-ABA6-74E397378A12}"
EndProject
Project("{2150E333-8FDC-42A3-9474-1A3956D46DE8}") = "Core", "Core", "{A1DCCC93-D4E2-4176-94B1-B825E095F87D}"
EndProject
Project("{FAE04EC0-301F-11D3-BF4B-00C04F79EFBC}") = "Service", "Service\Service.csproj", "{4F36442E-1FA5-425C-A2A0-BBA279DDAA74}"
EndProject
Project("{FAE04EC0-301F-11D3-BF4B-00C04F79EFBC}") = "Service.Abstrction", "Service.Abstrction\Service.Abstrction.csproj", "{72F7AF68-144A-49C7-9AFA-A9AD8B2CB016}"
EndProject
Project("{FAE04EC0-301F-11D3-BF4B-00C04F79EFBC}") = "BaseLibrary", "BaseLibrary\BaseLibrary.csproj", "{8AEE8EA3-0443-4E77-B185-BF77090007D9}"
EndProject
Global
	GlobalSection(SolutionConfigurationPlatforms) = preSolution
		Debug|Any CPU = Debug|Any CPU
		Release|Any CPU = Release|Any CPU
	EndGlobalSection
	GlobalSection(ProjectConfigurationPlatforms) = postSolution
		{F4B06244-140A-4D39-9B5E-25EFA6CFD5CA}.Debug|Any CPU.ActiveCfg = Debug|Any CPU
		{F4B06244-140A-4D39-9B5E-25EFA6CFD5CA}.Debug|Any CPU.Build.0 = Debug|Any CPU
		{F4B06244-140A-4D39-9B5E-25EFA6CFD5CA}.Release|Any CPU.ActiveCfg = Release|Any CPU
		{F4B06244-140A-4D39-9B5E-25EFA6CFD5CA}.Release|Any CPU.Build.0 = Release|Any CPU
		{D4077A56-57E7-4F7C-B0CA-0E0CA7DEBEB1}.Debug|Any CPU.ActiveCfg = Debug|Any CPU
		{D4077A56-57E7-4F7C-B0CA-0E0CA7DEBEB1}.Debug|Any CPU.Build.0 = Debug|Any CPU
		{D4077A56-57E7-4F7C-B0CA-0E0CA7DEBEB1}.Release|Any CPU.ActiveCfg = Release|Any CPU
		{D4077A56-57E7-4F7C-B0CA-0E0CA7DEBEB1}.Release|Any CPU.Build.0 = Release|Any CPU
		{5B0C418D-1704-48A1-8F7C-C3515A27A6C7}.Debug|Any CPU.ActiveCfg = Debug|Any CPU
		{5B0C418D-1704-48A1-8F7C-C3515A27A6C7}.Debug|Any CPU.Build.0 = Debug|Any CPU
		{5B0C418D-1704-48A1-8F7C-C3515A27A6C7}.Release|Any CPU.ActiveCfg = Release|Any CPU
		{5B0C418D-1704-48A1-8F7C-C3515A27A6C7}.Release|Any CPU.Build.0 = Release|Any CPU
		{B7B972BB-46D9-413D-B904-573B479E5091}.Debug|Any CPU.ActiveCfg = Debug|Any CPU
		{B7B972BB-46D9-413D-B904-573B479E5091}.Debug|Any CPU.Build.0 = Debug|Any CPU
		{B7B972BB-46D9-413D-B904-573B479E5091}.Release|Any CPU.ActiveCfg = Release|Any CPU
		{B7B972BB-46D9-413D-B904-573B479E5091}.Release|Any CPU.Build.0 = Release|Any CPU
		{C0E1D000-3301-4980-ABA6-74E397378A12}.Debug|Any CPU.ActiveCfg = Debug|Any CPU
		{C0E1D000-3301-4980-ABA6-74E397378A12}.Debug|Any CPU.Build.0 = Debug|Any CPU
		{C0E1D000-3301-4980-ABA6-74E397378A12}.Release|Any CPU.ActiveCfg = Release|Any CPU
		{C0E1D000-3301-4980-ABA6-74E397378A12}.Release|Any CPU.Build.0 = Release|Any CPU
		{4F36442E-1FA5-425C-A2A0-BBA279DDAA74}.Debug|Any CPU.ActiveCfg = Debug|Any CPU
		{4F36442E-1FA5-425C-A2A0-BBA279DDAA74}.Debug|Any CPU.Build.0 = Debug|Any CPU
		{4F36442E-1FA5-425C-A2A0-BBA279DDAA74}.Release|Any CPU.ActiveCfg = Release|Any CPU
		{4F36442E-1FA5-425C-A2A0-BBA279DDAA74}.Release|Any CPU.Build.0 = Release|Any CPU
		{72F7AF68-144A-49C7-9AFA-A9AD8B2CB016}.Debug|Any CPU.ActiveCfg = Debug|Any CPU
		{72F7AF68-144A-49C7-9AFA-A9AD8B2CB016}.Debug|Any CPU.Build.0 = Debug|Any CPU
		{72F7AF68-144A-49C7-9AFA-A9AD8B2CB016}.Release|Any CPU.ActiveCfg = Release|Any CPU
		{72F7AF68-144A-49C7-9AFA-A9AD8B2CB016}.Release|Any CPU.Build.0 = Release|Any CPU
		{8AEE8EA3-0443-4E77-B185-BF77090007D9}.Debug|Any CPU.ActiveCfg = Debug|Any CPU
		{8AEE8EA3-0443-4E77-B185-BF77090007D9}.Debug|Any CPU.Build.0 = Debug|Any CPU
		{8AEE8EA3-0443-4E77-B185-BF77090007D9}.Release|Any CPU.ActiveCfg = Release|Any CPU
		{8AEE8EA3-0443-4E77-B185-BF77090007D9}.Release|Any CPU.Build.0 = Release|Any CPU
	EndGlobalSection
	GlobalSection(SolutionProperties) = preSolution
		HideSolutionNode = FALSE
	EndGlobalSection
	GlobalSection(NestedProjects) = preSolution
		{C0E1D000-3301-4980-ABA6-74E397378A12} = {A1DCCC93-D4E2-4176-94B1-B825E095F87D}
		{4F36442E-1FA5-425C-A2A0-BBA279DDAA74} = {A1DCCC93-D4E2-4176-94B1-B825E095F87D}
		{72F7AF68-144A-49C7-9AFA-A9AD8B2CB016} = {A1DCCC93-D4E2-4176-94B1-B825E095F87D}
	EndGlobalSection
	GlobalSection(ExtensibilityGlobals) = postSolution
		SolutionGuid = {31E0C2A9-FB5E-4BCE-B437-A16719C24000}
	EndGlobalSection
EndGlobal
